{
  "name": "prisma",
  "version": "1.0.0",
  "lockfileVersion": 1,
  "requires": true,
  "dependencies": {
    "@types/concat-stream": {
      "version": "1.6.0",
      "resolved": "https://registry.npmjs.org/@types/concat-stream/-/concat-stream-1.6.0.tgz",
      "integrity": "sha1-OU2+C7X+5Gs42JZzXoto7yOQ0A0=",
      "requires": {
        "@types/node": "*"
      }
    },
    "@types/form-data": {
      "version": "0.0.33",
      "resolved": "https://registry.npmjs.org/@types/form-data/-/form-data-0.0.33.tgz",
      "integrity": "sha1-yayFsqX9GENbjIXZ7LUObWyJP/g=",
      "requires": {
        "@types/node": "*"
      }
    },
    "@types/methods": {
      "version": "1.1.0",
      "resolved": "https://registry.npmjs.org/@types/methods/-/methods-1.1.0.tgz",
      "integrity": "sha512-ROomEm+QHlUmcQoDr3CBo3GRm0w4PVoFYjVT9YcfyBha/Per4deb1IpvHU7KTK7YBZCIvOYbSADoEyDnFgaWLA=="
    },
    "@types/node": {
      "version": "10.17.0",
      "resolved": "https://registry.npmjs.org/@types/node/-/node-10.17.0.tgz",
      "integrity": "sha512-wuJwN2KV4tIRz1bu9vq5kSPasJ8IsEjZaP1ZR7KlmdUZvGF/rXy8DmXOVwUD0kAtvtJ7aqMKPqUXC0NUTDbrDg=="
    },
    "@types/prettier": {
      "version": "1.18.3",
      "resolved": "https://registry.npmjs.org/@types/prettier/-/prettier-1.18.3.tgz",
      "integrity": "sha512-48rnerQdcZ26odp+HOvDGX8IcUkYOCuMc2BodWYTe956MqkHlOGAG4oFQ83cjZ0a4GAgj7mb4GUClxYd2Hlodg=="
    },
    "@types/tough-cookie": {
      "version": "2.3.5",
      "resolved": "https://registry.npmjs.org/@types/tough-cookie/-/tough-cookie-2.3.5.tgz",
      "integrity": "sha512-SCcK7mvGi3+ZNz833RRjFIxrn4gI1PPR3NtuIS+6vMkvmsGjosqTJwRt5bAEFLRz+wtJMWv8+uOnZf2hi2QXTg=="
    },
    "@wry/equality": {
      "version": "0.1.9",
      "resolved": "https://registry.npmjs.org/@wry/equality/-/equality-0.1.9.tgz",
      "integrity": "sha512-mB6ceGjpMGz1ZTza8HYnrPGos2mC6So4NhS1PtZ8s4Qt0K7fBiIGhpSxUbQmhwcSWE3no+bYxmI2OL6KuXYmoQ==",
      "requires": {
        "tslib": "^1.9.3"
      }
    },
    "apollo-link": {
      "version": "1.2.13",
      "resolved": "https://registry.npmjs.org/apollo-link/-/apollo-link-1.2.13.tgz",
      "integrity": "sha512-+iBMcYeevMm1JpYgwDEIDt/y0BB7VWyvlm/7x+TIPNLHCTCMgcEgDuW5kH86iQZWo0I7mNwQiTOz+/3ShPFmBw==",
      "requires": {
        "apollo-utilities": "^1.3.0",
        "ts-invariant": "^0.4.0",
        "tslib": "^1.9.3",
        "zen-observable-ts": "^0.8.20"
      }
    },
    "apollo-utilities": {
      "version": "1.3.2",
      "resolved": "https://registry.npmjs.org/apollo-utilities/-/apollo-utilities-1.3.2.tgz",
      "integrity": "sha512-JWNHj8XChz7S4OZghV6yc9FNnzEXj285QYp/nLNh943iObycI5GTDO3NGR9Dth12LRrSFMeDOConPfPln+WGfg==",
      "requires": {
        "@wry/equality": "^0.1.2",
        "fast-json-stable-stringify": "^2.0.0",
        "ts-invariant": "^0.4.0",
        "tslib": "^1.9.3"
      }
    },
    "async-limiter": {
      "version": "1.0.1",
      "resolved": "https://registry.npmjs.org/async-limiter/-/async-limiter-1.0.1.tgz",
      "integrity": "sha512-csOlWGAcRFJaI6m+F2WKdnMKr4HhdhFVBk0H/QbJFMCr+uO2kwohwXQPxw/9OCxp05r5ghVBFSyioixx3gfkNQ=="
    },
    "asynckit": {
      "version": "0.4.0",
      "resolved": "https://registry.npmjs.org/asynckit/-/asynckit-0.4.0.tgz",
      "integrity": "sha1-x57Zf380y48robyXkLzDZkdLS3k="
    },
    "backo2": {
      "version": "1.0.2",
      "resolved": "https://registry.npmjs.org/backo2/-/backo2-1.0.2.tgz",
      "integrity": "sha1-MasayLEpNjRj41s+u2n038+6eUc="
    },
    "buffer-equal-constant-time": {
      "version": "1.0.1",
      "resolved": "https://registry.npmjs.org/buffer-equal-constant-time/-/buffer-equal-constant-time-1.0.1.tgz",
      "integrity": "sha1-+OcRMvf/5uAaXJaXpMbz5I1cyBk="
    },
    "buffer-from": {
      "version": "1.1.1",
      "resolved": "https://registry.npmjs.org/buffer-from/-/buffer-from-1.1.1.tgz",
      "integrity": "sha512-MQcXEUbCKtEo7bhqEs6560Hyd4XaovZlO/k9V3hjVUF/zwW7KBVdSK4gIt/bzwS9MbR5qob+F5jusZsb0YQK2A=="
    },
    "camelcase": {
      "version": "4.1.0",
      "resolved": "https://registry.npmjs.org/camelcase/-/camelcase-4.1.0.tgz",
      "integrity": "sha1-1UVjW+HjPFQmScaRc+Xeas+uNN0="
    },
    "combined-stream": {
      "version": "1.0.8",
      "resolved": "https://registry.npmjs.org/combined-stream/-/combined-stream-1.0.8.tgz",
      "integrity": "sha512-FQN4MRfuJeHf7cBbBMJFXhKSDq+2kAArBlmRBvcvFE5BB1HZKXtSFASDhdlz9zOYwxh8lDdnvmMOe/+5cdoEdg==",
      "requires": {
        "delayed-stream": "~1.0.0"
      }
    },
    "concat-stream": {
      "version": "1.6.2",
      "resolved": "https://registry.npmjs.org/concat-stream/-/concat-stream-1.6.2.tgz",
      "integrity": "sha512-27HBghJxjiZtIk3Ycvn/4kbJk/1uZuJFfuPEns6LaEvpvG1f0hTea8lilrouyo9mVc2GWdcEZ8OLoGmSADlrCw==",
      "requires": {
        "buffer-from": "^1.0.0",
        "inherits": "^2.0.3",
        "readable-stream": "^2.2.2",
        "typedarray": "^0.0.6"
      }
    },
    "core-util-is": {
      "version": "1.0.2",
      "resolved": "https://registry.npmjs.org/core-util-is/-/core-util-is-1.0.2.tgz",
      "integrity": "sha1-tf1UIgqivFq1eqtxQMlAdUUDwac="
    },
    "cross-fetch": {
      "version": "2.2.2",
      "resolved": "https://registry.npmjs.org/cross-fetch/-/cross-fetch-2.2.2.tgz",
      "integrity": "sha1-pH/09/xxLauo9qaVoRyUhEDUVyM=",
      "requires": {
        "node-fetch": "2.1.2",
        "whatwg-fetch": "2.0.4"
      }
    },
    "dataloader": {
      "version": "1.4.0",
      "resolved": "https://registry.npmjs.org/dataloader/-/dataloader-1.4.0.tgz",
      "integrity": "sha512-68s5jYdlvasItOJnCuI2Q9s4q98g0pCyL3HrcKJu8KNugUl8ahgmZYg38ysLTgQjjXX3H8CJLkAvWrclWfcalw=="
    },
    "debug": {
      "version": "4.1.1",
      "resolved": "https://registry.npmjs.org/debug/-/debug-4.1.1.tgz",
      "integrity": "sha512-pYAIzeRo8J6KPEaJ0VWOh5Pzkbw/RetuzehGM7QRRX5he4fPHx2rdKMB256ehJCkX+XRQm16eZLqLNS8RSZXZw==",
      "requires": {
        "ms": "^2.1.1"
      }
    },
    "delayed-stream": {
      "version": "1.0.0",
      "resolved": "https://registry.npmjs.org/delayed-stream/-/delayed-stream-1.0.0.tgz",
      "integrity": "sha1-3zrhmayt+31ECqrgsp4icrJOxhk="
    },
    "ecdsa-sig-formatter": {
      "version": "1.0.11",
      "resolved": "https://registry.npmjs.org/ecdsa-sig-formatter/-/ecdsa-sig-formatter-1.0.11.tgz",
      "integrity": "sha512-nagl3RYrbNv6kQkeJIpt6NJZy8twLB/2vtz6yN9Z4vRKHN4/QZJIEbqohALSgwKdnksuY3k5Addp5lg8sVoVcQ==",
      "requires": {
        "safe-buffer": "^5.0.1"
      }
    },
    "eventemitter3": {
      "version": "3.1.2",
      "resolved": "https://registry.npmjs.org/eventemitter3/-/eventemitter3-3.1.2.tgz",
      "integrity": "sha512-tvtQIeLVHjDkJYnzf2dgVMxfuSGJeM/7UCG17TT4EumTfNtF+0nebF/4zWOIkCreAbtNqhGEboB6BWrwqNaw4Q=="
    },
    "fast-json-stable-stringify": {
      "version": "2.0.0",
      "resolved": "https://registry.npmjs.org/fast-json-stable-stringify/-/fast-json-stable-stringify-2.0.0.tgz",
      "integrity": "sha1-1RQsDK7msRifh9OnYREGT4bIu/I="
    },
    "flow-bin": {
      "version": "0.87.0",
      "resolved": "https://registry.npmjs.org/flow-bin/-/flow-bin-0.87.0.tgz",
      "integrity": "sha512-mnvBXXZkUp4y6A96bR5BHa3q1ioIIN2L10w5osxJqagAakTXFYZwjl0t9cT3y2aCEf1wnK6n91xgYypQS/Dqbw=="
    },
    "form-data": {
      "version": "2.5.1",
      "resolved": "https://registry.npmjs.org/form-data/-/form-data-2.5.1.tgz",
      "integrity": "sha512-m21N3WOmEEURgk6B9GLOE4RuWOFf28Lhh9qGYeNlGq4VDXUlJy2th2slBNU8Gp8EzloYZOibZJ7t5ecIrFSjVA==",
      "requires": {
        "asynckit": "^0.4.0",
        "combined-stream": "^1.0.6",
        "mime-types": "^2.1.12"
      }
    },
    "graphql": {
      "version": "14.5.8",
      "resolved": "https://registry.npmjs.org/graphql/-/graphql-14.5.8.tgz",
      "integrity": "sha512-MMwmi0zlVLQKLdGiMfWkgQD7dY/TUKt4L+zgJ/aR0Howebod3aNgP5JkgvAULiR2HPVZaP2VEElqtdidHweLkg==",
      "requires": {
        "iterall": "^1.2.2"
      }
    },
    "graphql-tag": {
      "version": "2.10.1",
      "resolved": "https://registry.npmjs.org/graphql-tag/-/graphql-tag-2.10.1.tgz",
      "integrity": "sha512-jApXqWBzNXQ8jYa/HLkZJaVw9jgwNqZkywa2zfFn16Iv1Zb7ELNHkJaXHR7Quvd5SIGsy6Ny7SUKATgnu05uEg=="
    },
    "http-link-dataloader": {
      "version": "0.1.6",
      "resolved": "https://registry.npmjs.org/http-link-dataloader/-/http-link-dataloader-0.1.6.tgz",
      "integrity": "sha512-r9B/n+SR32k++Z3MIAumI+Kv6ucL3+3ZfqcvGECWVkUc2BmfUWKu6gkPH7+uR1UKyUUJyuZENOLS/RDXVyXVTA==",
      "requires": {
        "apollo-link": "^1.2.3",
        "cross-fetch": "2.2.2",
        "dataloader": "^1.4.0"
      }
    },
    "inherits": {
      "version": "2.0.4",
      "resolved": "https://registry.npmjs.org/inherits/-/inherits-2.0.4.tgz",
      "integrity": "sha512-k/vGaX4/Yla3WzyMCvTQOXYeIHvqOKtnqBduzTHpzpQZzAskKMhZ2K+EnBiSM9zGSoIFeMpXKxa4dYeZIQqewQ=="
    },
    "isarray": {
      "version": "1.0.0",
      "resolved": "https://registry.npmjs.org/isarray/-/isarray-1.0.0.tgz",
      "integrity": "sha1-u5NdSFgsuhaMBoNJV6VKPgcSTxE="
    },
    "iterall": {
      "version": "1.2.2",
      "resolved": "https://registry.npmjs.org/iterall/-/iterall-1.2.2.tgz",
      "integrity": "sha512-yynBb1g+RFUPY64fTrFv7nsjRrENBQJaX2UL+2Szc9REFrSNm1rpSXHGzhmAy7a9uv3vlvgBlXnf9RqmPH1/DA=="
    },
    "jsonwebtoken": {
      "version": "8.5.1",
      "resolved": "https://registry.npmjs.org/jsonwebtoken/-/jsonwebtoken-8.5.1.tgz",
      "integrity": "sha512-XjwVfRS6jTMsqYs0EsuJ4LGxXV14zQybNd4L2r0UvbVnSF9Af8x7p5MzbJ90Ioz/9TI41/hTCvznF/loiSzn8w==",
      "requires": {
        "jws": "^3.2.2",
        "lodash.includes": "^4.3.0",
        "lodash.isboolean": "^3.0.3",
        "lodash.isinteger": "^4.0.4",
        "lodash.isnumber": "^3.0.3",
        "lodash.isplainobject": "^4.0.6",
        "lodash.isstring": "^4.0.1",
        "lodash.once": "^4.0.0",
        "ms": "^2.1.1",
        "semver": "^5.6.0"
      }
    },
    "jwa": {
      "version": "1.4.1",
      "resolved": "https://registry.npmjs.org/jwa/-/jwa-1.4.1.tgz",
      "integrity": "sha512-qiLX/xhEEFKUAJ6FiBMbes3w9ATzyk5W7Hvzpa/SLYdxNtng+gcurvrI7TbACjIXlsJyr05/S1oUhZrc63evQA==",
      "requires": {
        "buffer-equal-constant-time": "1.0.1",
        "ecdsa-sig-formatter": "1.0.11",
        "safe-buffer": "^5.0.1"
      }
    },
    "jws": {
      "version": "3.2.2",
      "resolved": "https://registry.npmjs.org/jws/-/jws-3.2.2.tgz",
      "integrity": "sha512-YHlZCB6lMTllWDtSPHz/ZXTsi8S00usEV6v1tjq8tOUZzw7DpSDWVXjXDre6ed1w/pd495ODpHZYSdkRTsa0HA==",
      "requires": {
        "jwa": "^1.4.1",
        "safe-buffer": "^5.0.1"
      }
    },
    "lodash.flatten": {
      "version": "4.4.0",
      "resolved": "https://registry.npmjs.org/lodash.flatten/-/lodash.flatten-4.4.0.tgz",
      "integrity": "sha1-8xwiIlqWMtK7+OSt2+8kCqdlph8="
    },
    "lodash.includes": {
      "version": "4.3.0",
      "resolved": "https://registry.npmjs.org/lodash.includes/-/lodash.includes-4.3.0.tgz",
      "integrity": "sha1-YLuYqHy5I8aMoeUTJUgzFISfVT8="
    },
    "lodash.isboolean": {
      "version": "3.0.3",
      "resolved": "https://registry.npmjs.org/lodash.isboolean/-/lodash.isboolean-3.0.3.tgz",
      "integrity": "sha1-bC4XHbKiV82WgC/UOwGyDV9YcPY="
    },
    "lodash.isinteger": {
      "version": "4.0.4",
      "resolved": "https://registry.npmjs.org/lodash.isinteger/-/lodash.isinteger-4.0.4.tgz",
      "integrity": "sha1-YZwK89A/iwTDH1iChAt3sRzWg0M="
    },
    "lodash.isnumber": {
      "version": "3.0.3",
      "resolved": "https://registry.npmjs.org/lodash.isnumber/-/lodash.isnumber-3.0.3.tgz",
      "integrity": "sha1-POdoEMWSjQM1IwGsKHMX8RwLH/w="
    },
    "lodash.isplainobject": {
      "version": "4.0.6",
      "resolved": "https://registry.npmjs.org/lodash.isplainobject/-/lodash.isplainobject-4.0.6.tgz",
      "integrity": "sha1-fFJqUtibRcRcxpC4gWO+BJf1UMs="
    },
    "lodash.isstring": {
      "version": "4.0.1",
      "resolved": "https://registry.npmjs.org/lodash.isstring/-/lodash.isstring-4.0.1.tgz",
      "integrity": "sha1-1SfftUVuynzJu5XV2ur4i6VKVFE="
    },
    "lodash.once": {
      "version": "4.1.1",
      "resolved": "https://registry.npmjs.org/lodash.once/-/lodash.once-4.1.1.tgz",
      "integrity": "sha1-DdOXEhPHxW34gJd9UEyI+0cal6w="
    },
    "make-error": {
      "version": "1.3.5",
      "resolved": "https://registry.npmjs.org/make-error/-/make-error-1.3.5.tgz",
      "integrity": "sha512-c3sIjNUow0+8swNwVpqoH4YCShKNFkMaw6oH1mNS2haDZQqkeZFlHS3dhoeEbKKmJB4vXpJucU6oH75aDYeE9g=="
    },
    "make-error-cause": {
      "version": "1.2.2",
      "resolved": "https://registry.npmjs.org/make-error-cause/-/make-error-cause-1.2.2.tgz",
      "integrity": "sha1-3wOI/NCzeBbf8KX7gQiTl3fcvJ0=",
      "requires": {
        "make-error": "^1.2.0"
      }
    },
    "mime-db": {
      "version": "1.40.0",
      "resolved": "https://registry.npmjs.org/mime-db/-/mime-db-1.40.0.tgz",
      "integrity": "sha512-jYdeOMPy9vnxEqFRRo6ZvTZ8d9oPb+k18PKoYNYUe2stVEBPPwsln/qWzdbmaIvnhZ9v2P+CuecK+fpUfsV2mA=="
    },
    "mime-types": {
      "version": "2.1.24",
      "resolved": "https://registry.npmjs.org/mime-types/-/mime-types-2.1.24.tgz",
      "integrity": "sha512-WaFHS3MCl5fapm3oLxU4eYDw77IQM2ACcxQ9RIxfaC3ooc6PFuBMGZZsYpvoXS5D5QTWPieo1jjLdAm3TBP3cQ==",
      "requires": {
        "mime-db": "1.40.0"
      }
    },
    "ms": {
      "version": "2.1.2",
      "resolved": "https://registry.npmjs.org/ms/-/ms-2.1.2.tgz",
      "integrity": "sha512-sGkPx+VjMtmA6MX27oA4FBFELFCZZ4S4XqeGOXCv68tT+jb3vk/RyaKWP0PTKyWtmLSM0b+adUTEvbs1PEaH2w=="
    },
    "node-fetch": {
      "version": "2.1.2",
      "resolved": "https://registry.npmjs.org/node-fetch/-/node-fetch-2.1.2.tgz",
      "integrity": "sha1-q4hOjn5X44qUR1POxwb3iNF2i7U="
    },
    "pluralize": {
      "version": "7.0.0",
      "resolved": "https://registry.npmjs.org/pluralize/-/pluralize-7.0.0.tgz",
      "integrity": "sha512-ARhBOdzS3e41FbkW/XWrTEtukqqLoK5+Z/4UeDaLuSW+39JPeFgs4gCGqsrJHVZX0fUrx//4OF0K1CUGwlIFow=="
    },
    "popsicle": {
      "version": "10.0.1",
      "resolved": "https://registry.npmjs.org/popsicle/-/popsicle-10.0.1.tgz",
      "integrity": "sha512-IFVBRz+hc05+MiVDH+KH9QoeE6gjFOiIZNxKePIwz+JbH/yP9rLreUT9+GocxRweYBiRh7O9+MfI5X1zKfSH6Q==",
      "requires": {
        "@types/concat-stream": "^1.6.0",
        "@types/form-data": "0.0.33",
        "@types/methods": "^1.1.0",
        "@types/tough-cookie": "^2.3.0",
        "concat-stream": "^1.4.7",
        "form-data": "^2.0.0",
        "make-error-cause": "^1.2.1",
        "tough-cookie": "^2.0.0"
      }
    },
    "prettier": {
      "version": "1.16.4",
      "resolved": "https://registry.npmjs.org/prettier/-/prettier-1.16.4.tgz",
      "integrity": "sha512-ZzWuos7TI5CKUeQAtFd6Zhm2s6EpAD/ZLApIhsF9pRvRtM1RFo61dM/4MSRUA0SuLugA/zgrZD8m0BaY46Og7g=="
    },
    "prisma-client-lib": {
      "version": "1.34.10",
      "resolved": "https://registry.npmjs.org/prisma-client-lib/-/prisma-client-lib-1.34.10.tgz",
      "integrity": "sha512-faMDYpYyToeD0HZZunbuozljWw/o2MEEuja96ADElTohuM688ZyOec9wL+oZxgFib0abz68FqmHdig8lgvc2HQ==",
      "requires": {
        "@types/node": "^10.12.0",
        "@types/prettier": "^1.13.2",
        "debug": "^4.1.0",
        "flow-bin": "^0.87.0",
        "graphql-tag": "^2.10.0",
        "http-link-dataloader": "^0.1.6",
        "jsonwebtoken": "^8.3.0",
        "lodash.flatten": "^4.4.0",
        "prettier": "1.16.4",
        "prisma-datamodel": "1.34.10",
        "prisma-generate-schema": "1.34.10",
        "subscriptions-transport-ws": "^0.9.15",
        "uppercamelcase": "^3.0.0",
        "ws": "^6.1.0",
        "zen-observable": "^0.8.10"
      }
    },
    "prisma-datamodel": {
      "version": "1.34.10",
      "resolved": "https://registry.npmjs.org/prisma-datamodel/-/prisma-datamodel-1.34.10.tgz",
      "integrity": "sha512-pTIG/yR/EynDJXGt4O1DiuwJDKb3U8Oo/bRu8I8YbGWR+6MSbRHnsScHe5SFHituhCfbuP5T3iagFkJYtHwbVQ==",
      "requires": {
        "debug": "^4.1.1",
        "graphql": "^14.3.0",
        "pluralize": "^7.0.0",
        "popsicle": "10"
      }
    },
    "prisma-generate-schema": {
      "version": "1.34.10",
      "resolved": "https://registry.npmjs.org/prisma-generate-schema/-/prisma-generate-schema-1.34.10.tgz",
      "integrity": "sha512-u2wYeJVELhUKlfy6FAjqg1p8olPRyWj1GEUhn9Nv130e6PfmblmqwSo4h9tvLxW08bqsohcKF0NgiTtjqxwqGQ==",
      "requires": {
        "graphql": "^14.3.0",
        "pluralize": "^7.0.0",
        "popsicle": "10",
        "prisma-datamodel": "1.34.10"
      }
    },
    "process-nextick-args": {
      "version": "2.0.1",
      "resolved": "https://registry.npmjs.org/process-nextick-args/-/process-nextick-args-2.0.1.tgz",
      "integrity": "sha512-3ouUOpQhtgrbOa17J7+uxOTpITYWaGP7/AhoR3+A+/1e9skrzelGi/dXzEYyvbxubEF6Wn2ypscTKiKJFFn1ag=="
    },
    "psl": {
      "version": "1.4.0",
      "resolved": "https://registry.npmjs.org/psl/-/psl-1.4.0.tgz",
      "integrity": "sha512-HZzqCGPecFLyoRj5HLfuDSKYTJkAfB5thKBIkRHtGjWwY7p1dAyveIbXIq4tO0KYfDF2tHqPUgY9SDnGm00uFw=="
    },
    "punycode": {
      "version": "2.1.1",
      "resolved": "https://registry.npmjs.org/punycode/-/punycode-2.1.1.tgz",
      "integrity": "sha512-XRsRjdf+j5ml+y/6GKHPZbrF/8p2Yga0JPtdqTIY2Xe5ohJPD9saDJJLPvp9+NSBprVvevdXZybnj2cv8OEd0A=="
    },
    "readable-stream": {
      "version": "2.3.6",
      "resolved": "https://registry.npmjs.org/readable-stream/-/readable-stream-2.3.6.tgz",
      "integrity": "sha512-tQtKA9WIAhBF3+VLAseyMqZeBjW0AHJoxOtYqSUZNJxauErmLbVm2FW1y+J/YA9dUrAC39ITejlZWhVIwawkKw==",
      "requires": {
        "core-util-is": "~1.0.0",
        "inherits": "~2.0.3",
        "isarray": "~1.0.0",
        "process-nextick-args": "~2.0.0",
        "safe-buffer": "~5.1.1",
        "string_decoder": "~1.1.1",
        "util-deprecate": "~1.0.1"
      },
      "dependencies": {
        "safe-buffer": {
          "version": "5.1.2",
          "resolved": "https://registry.npmjs.org/safe-buffer/-/safe-buffer-5.1.2.tgz",
          "integrity": "sha512-Gd2UZBJDkXlY7GbJxfsE8/nvKkUEU1G38c1siN6QP6a9PT9MmHB8GnpscSmMJSoF8LOIrt8ud/wPtojys4G6+g=="
        }
      }
    },
    "safe-buffer": {
      "version": "5.2.0",
      "resolved": "https://registry.npmjs.org/safe-buffer/-/safe-buffer-5.2.0.tgz",
      "integrity": "sha512-fZEwUGbVl7kouZs1jCdMLdt95hdIv0ZeHg6L7qPeciMZhZ+/gdesW4wgTARkrFWEpspjEATAzUGPG8N2jJiwbg=="
    },
    "semver": {
      "version": "5.7.1",
      "resolved": "https://registry.npmjs.org/semver/-/semver-5.7.1.tgz",
      "integrity": "sha512-sauaDf/PZdVgrLTNYHRtpXa1iRiKcaebiKQ1BJdpQlWH2lCvexQdX55snPFyK7QzpudqbCI0qXFfOasHdyNDGQ=="
    },
    "string_decoder": {
      "version": "1.1.1",
      "resolved": "https://registry.npmjs.org/string_decoder/-/string_decoder-1.1.1.tgz",
      "integrity": "sha512-n/ShnvDi6FHbbVfviro+WojiFzv+s8MPMHBczVePfUpDJLwoLT0ht1l4YwBCbi8pJAveEEdnkHyPyTP/mzRfwg==",
      "requires": {
        "safe-buffer": "~5.1.0"
      },
      "dependencies": {
        "safe-buffer": {
          "version": "5.1.2",
          "resolved": "https://registry.npmjs.org/safe-buffer/-/safe-buffer-5.1.2.tgz",
          "integrity": "sha512-Gd2UZBJDkXlY7GbJxfsE8/nvKkUEU1G38c1siN6QP6a9PT9MmHB8GnpscSmMJSoF8LOIrt8ud/wPtojys4G6+g=="
        }
      }
    },
    "subscriptions-transport-ws": {
      "version": "0.9.16",
      "resolved": "https://registry.npmjs.org/subscriptions-transport-ws/-/subscriptions-transport-ws-0.9.16.tgz",
      "integrity": "sha512-pQdoU7nC+EpStXnCfh/+ho0zE0Z+ma+i7xvj7bkXKb1dvYHSZxgRPaU6spRP+Bjzow67c/rRDoix5RT0uU9omw==",
      "requires": {
        "backo2": "^1.0.2",
        "eventemitter3": "^3.1.0",
        "iterall": "^1.2.1",
        "symbol-observable": "^1.0.4",
        "ws": "^5.2.0"
      },
      "dependencies": {
        "ws": {
          "version": "5.2.2",
          "resolved": "https://registry.npmjs.org/ws/-/ws-5.2.2.tgz",
          "integrity": "sha512-jaHFD6PFv6UgoIVda6qZllptQsMlDEJkTQcybzzXDYM1XO9Y8em691FGMPmM46WGyLU4z9KMgQN+qrux/nhlHA==",
          "requires": {
            "async-limiter": "~1.0.0"
          }
        }
      }
    },
    "symbol-observable": {
      "version": "1.2.0",
      "resolved": "https://registry.npmjs.org/symbol-observable/-/symbol-observable-1.2.0.tgz",
      "integrity": "sha512-e900nM8RRtGhlV36KGEU9k65K3mPb1WV70OdjfxlG2EAuM1noi/E/BaW/uMhL7bPEssK8QV57vN3esixjUvcXQ=="
    },
    "tough-cookie": {
      "version": "2.5.0",
      "resolved": "https://registry.npmjs.org/tough-cookie/-/tough-cookie-2.5.0.tgz",
      "integrity": "sha512-nlLsUzgm1kfLXSXfRZMc1KLAugd4hqJHDTvc2hDIwS3mZAfMEuMbc03SujMF+GEcpaX/qboeycw6iO8JwVv2+g==",
      "requires": {
        "psl": "^1.1.28",
        "punycode": "^2.1.1"
      }
    },
    "ts-invariant": {
      "version": "0.4.4",
      "resolved": "https://registry.npmjs.org/ts-invariant/-/ts-invariant-0.4.4.tgz",
      "integrity": "sha512-uEtWkFM/sdZvRNNDL3Ehu4WVpwaulhwQszV8mrtcdeE8nN00BV9mAmQ88RkrBhFgl9gMgvjJLAQcZbnPXI9mlA==",
      "requires": {
        "tslib": "^1.9.3"
      }
    },
    "tslib": {
      "version": "1.10.0",
      "resolved": "https://registry.npmjs.org/tslib/-/tslib-1.10.0.tgz",
      "integrity": "sha512-qOebF53frne81cf0S9B41ByenJ3/IuH8yJKngAX35CmiZySA0khhkovshKK+jGCaMnVomla7gVlIcc3EvKPbTQ=="
    },
    "typedarray": {
      "version": "0.0.6",
      "resolved": "https://registry.npmjs.org/typedarray/-/typedarray-0.0.6.tgz",
      "integrity": "sha1-hnrHTjhkGHsdPUfZlqeOxciDB3c="
    },
    "uppercamelcase": {
      "version": "3.0.0",
      "resolved": "https://registry.npmjs.org/uppercamelcase/-/uppercamelcase-3.0.0.tgz",
      "integrity": "sha1-OAsyG41zy6Fv7E11KldRUtHvcxc=",
      "requires": {
        "camelcase": "^4.1.0"
      }
    },
    "util-deprecate": {
      "version": "1.0.2",
      "resolved": "https://registry.npmjs.org/util-deprecate/-/util-deprecate-1.0.2.tgz",
      "integrity": "sha1-RQ1Nyfpw3nMnYvvS1KKJgUGaDM8="
    },
    "whatwg-fetch": {
      "version": "2.0.4",
      "resolved": "https://registry.npmjs.org/whatwg-fetch/-/whatwg-fetch-2.0.4.tgz",
      "integrity": "sha512-dcQ1GWpOD/eEQ97k66aiEVpNnapVj90/+R+SXTPYGHpYBBypfKJEQjLrvMZ7YXbKm21gXd4NcuxUTjiv1YtLng=="
    },
    "ws": {
      "version": "6.2.1",
      "resolved": "https://registry.npmjs.org/ws/-/ws-6.2.1.tgz",
      "integrity": "sha512-GIyAXC2cB7LjvpgMt9EKS2ldqr0MTrORaleiOno6TweZ6r3TKtoFQWay/2PceJ3RuBasOHzXNn5Lrw1X0bEjqA==",
      "requires": {
        "async-limiter": "~1.0.0"
      }
    },
    "zen-observable": {
      "version": "0.8.14",
      "resolved": "https://registry.npmjs.org/zen-observable/-/zen-observable-0.8.14.tgz",
      "integrity": "sha512-kQz39uonEjEESwh+qCi83kcC3rZJGh4mrZW7xjkSQYXkq//JZHTtKo+6yuVloTgMtzsIWOJrjIrKvk/dqm0L5g=="
    },
    "zen-observable-ts": {
      "version": "0.8.20",
      "resolved": "https://registry.npmjs.org/zen-observable-ts/-/zen-observable-ts-0.8.20.tgz",
      "integrity": "sha512-2rkjiPALhOtRaDX6pWyNqK1fnP5KkJJybYebopNSn6wDG1lxBoFs2+nwwXKoA6glHIrtwrfBBy6da0stkKtTAA==",
      "requires": {
        "tslib": "^1.9.3",
        "zen-observable": "^0.8.0"
      }
    }
  }
}
